<?xml version="1.0" encoding="utf-8"?>
<Project ToolsVersion="4.0" xmlns="http://schemas.microsoft.com/developer/msbuild/2003">
  <ItemGroup>
    <Filter Include="src">
      <UniqueIdentifier>{bda726d1-2756-4026-b259-c9249cdf8bb3}</UniqueIdentifier>
    </Filter>
    <Filter Include="src\头文件">
      <UniqueIdentifier>{93995380-89BD-4b04-88EB-625FBE52EBFB}</UniqueIdentifier>
      <Extensions>h;hh;hpp;hxx;hm;inl;inc;ipp;xsd</Extensions>
    </Filter>
    <Filter Include="src\源文件">
      <UniqueIdentifier>{4FC737F1-C7A5-4376-A066-2A32D752A2FF}</UniqueIdentifier>
      <Extensions>cpp;c;cc;cxx;def;odl;idl;hpj;bat;asm;asmx</Extensions>
    </Filter>
  </ItemGroup>
  <ItemGroup>
    <ClCompile Include="main.cpp">
      <Filter>src\源文件</Filter>
    </ClCompile>
    <ClCompile Include="TWindow.cpp">
      <Filter>src\源文件</Filter>
    </ClCompile>
    <ClCompile Include="EventHandler.cpp">
      <Filter>src\源文件</Filter>
    </ClCompile>
    <ClCompile Include="Render.cpp">
      <Filter>src\源文件</Filter>
    </ClCompile>
    <ClCompile Include="Resouce.cpp">
      <Filter>src\源文件</Filter>
    </ClCompile>
    <ClCompile Include="Timer.cpp">
      <Filter>src\源文件</Filter>
    </ClCompile>
    <ClCompile Include="Player.cpp">
      <Filter>src\源文件</Filter>
    </ClCompile>
    <ClCompile Include="TTexture.cpp">
      <Filter>src\源文件</Filter>
    </ClCompile>
    <ClCompile Include="TObject.cpp">
      <Filter>src\源文件</Filter>
    </ClCompile>
    <ClCompile Include="Animation.cpp">
      <Filter>src\源文件</Filter>
    </ClCompile>
    <ClCompile Include="ListWidget.cpp">
      <Filter>src\源文件</Filter>
    </ClCompile>
    <ClCompile Include="Camera.cpp">
      <Filter>src\源文件</Filter>
    </ClCompile>
    <ClCompile Include="Map.cpp">
      <Filter>src\源文件</Filter>
    </ClCompile>
  </ItemGroup>
  <ItemGroup>
    <ClInclude Include="TObject.h">
      <Filter>src\头文件</Filter>
    </ClInclude>
    <ClInclude Include="TWindow.h">
      <Filter>src\头文件</Filter>
    </ClInclude>
    <ClInclude Include="EventHandler.h">
      <Filter>src\头文件</Filter>
    </ClInclude>
    <ClInclude Include="Render.h">
      <Filter>src\头文件</Filter>
    </ClInclude>
    <ClInclude Include="Resouce.h">
      <Filter>src\头文件</Filter>
    </ClInclude>
    <ClInclude Include="Timer.h">
      <Filter>src\头文件</Filter>
    </ClInclude>
    <ClInclude Include="constness.h">
      <Filter>src\头文件</Filter>
    </ClInclude>
    <ClInclude Include="Player.h">
      <Filter>src\头文件</Filter>
    </ClInclude>
    <ClInclude Include="TTexture.h">
      <Filter>src\头文件</Filter>
    </ClInclude>
    <ClInclude Include="Animation.h">
      <Filter>src\头文件</Filter>
    </ClInclude>
    <ClInclude Include="ListWidget.h">
      <Filter>src\头文件</Filter>
    </ClInclude>
    <ClInclude Include="Camera.h">
      <Filter>src\头文件</Filter>
    </ClInclude>
    <ClInclude Include="Map.h">
      <Filter>src\头文件</Filter>
    </ClInclude>
    <ClInclude Include="resource.h">
      <Filter>src\头文件</Filter>
    </ClInclude>
  </ItemGroup>
</Project>